// !$*UTF8*$!
{
	archiveVersion = 1;
	classes = {
	};
	objectVersion = 46;
	objects = {

/* Begin PBXBuildFile section */
		95B8D8E41C6A9A210059C680 /* main.m in Sources */ = {isa = PBXBuildFile; fileRef = 95B8D8E31C6A9A210059C680 /* main.m */; };
		95B8D8E71C6A9A210059C680 /* AppDelegate.m in Sources */ = {isa = PBXBuildFile; fileRef = 95B8D8E61C6A9A210059C680 /* AppDelegate.m */; };
		95B8D8EA1C6A9A210059C680 /* ViewController.m in Sources */ = {isa = PBXBuildFile; fileRef = 95B8D8E91C6A9A210059C680 /* ViewController.m */; };
		95B8D8ED1C6A9A210059C680 /* Main.storyboard in Resources */ = {isa = PBXBuildFile; fileRef = 95B8D8EB1C6A9A210059C680 /* Main.storyboard */; };
		95B8D8F01C6A9A210059C680 /* Hunter.xcdatamodeld in Sources */ = {isa = PBXBuildFile; fileRef = 95B8D8EE1C6A9A210059C680 /* Hunter.xcdatamodeld */; };
		95B8D8F21C6A9A210059C680 /* Assets.xcassets in Resources */ = {isa = PBXBuildFile; fileRef = 95B8D8F11C6A9A210059C680 /* Assets.xcassets */; };
		95B8D8F51C6A9A210059C680 /* LaunchScreen.storyboard in Resources */ = {isa = PBXBuildFile; fileRef = 95B8D8F31C6A9A210059C680 /* LaunchScreen.storyboard */; };
/* End PBXBuildFile section */

/* Begin PBXFileReference section */
		95B8D8DF1C6A9A210059C680 /* Hunter.app */ = {isa = PBXFileReference; explicitFileType = wrapper.application; includeInIndex = 0; path = Hunter.app; sourceTree = BUILT_PRODUCTS_DIR; };
		95B8D8E31C6A9A210059C680 /* main.m */ = {isa = PBXFileReference; lastKnownFileType = sourcecode.c.objc; path = main.m; sourceTree = "<group>"; };
		95B8D8E51C6A9A210059C680 /* AppDelegate.h */ = {isa = PBXFileReference; lastKnownFileType = sourcecode.c.h; path = AppDelegate.h; sourceTree = "<group>"; };
		95B8D8E61C6A9A210059C680 /* AppDelegate.m */ = {isa = PBXFileReference; lastKnownFileType = sourcecode.c.objc; path = AppDelegate.m; sourceTree = "<group>"; };
		95B8D8E81C6A9A210059C680 /* ViewController.h */ = {isa = PBXFileReference; lastKnownFileType = sourcecode.c.h; path = ViewController.h; sourceTree = "<group>"; };
		95B8D8E91C6A9A210059C680 /* ViewController.m */ = {isa = PBXFileReference; lastKnownFileType = sourcecode.c.objc; path = ViewController.m; sourceTree = "<group>"; };
		95B8D8EC1C6A9A210059C680 /* Base */ = {isa = PBXFileReference; lastKnownFileType = file.storyboard; name = Base; path = Base.lproj/Main.storyboard; sourceTree = "<group>"; };
		95B8D8EF1C6A9A210059C680 /* Hunter.xcdatamodel */ = {isa = PBXFileReference; lastKnownFileType = wrapper.xcdatamodel; path = Hunter.xcdatamodel; sourceTree = "<group>"; };
		95B8D8F11C6A9A210059C680 /* Assets.xcassets */ = {isa = PBXFileReference; lastKnownFileType = folder.assetcatalog; path = Assets.xcassets; sourceTree = "<group>"; };
		95B8D8F41C6A9A210059C680 /* Base */ = {isa = PBXFileReference; lastKnownFileType = file.storyboard; name = Base; path = Base.lproj/LaunchScreen.storyboard; sourceTree = "<group>"; };
		95B8D8F61C6A9A210059C680 /* Info.plist */ = {isa = PBXFileReference; lastKnownFileType = text.plist.xml; path = Info.plist; sourceTree = "<group>"; };
/* End PBXFileReference section */

/* Begin PBXFrameworksBuildPhase section */
		95B8D8DC1C6A9A210059C680 /* Frameworks */ = {
			isa = PBXFrameworksBuildPhase;
			buildActionMask = 2147483647;
			files = (
			);
			runOnlyForDeploymentPostprocessing = 0;
		};
/* End PBXFrameworksBuildPhase section */

/* Begin PBXGroup section */
		95B8D8D61C6A9A210059C680 = {
			isa = PBXGroup;
			children = (
				95B8D8E11C6A9A210059C680 /* Hunter */,
				95B8D8E01C6A9A210059C680 /* Products */,
			);
			sourceTree = "<group>";
		};
		95B8D8E01C6A9A210059C680 /* Products */ = {
			isa = PBXGroup;
			children = (
				95B8D8DF1C6A9A210059C680 /* Hunter.app */,
			);
			name = Products;
			sourceTree = "<group>";
		};
		95B8D8E11C6A9A210059C680 /* Hunter */ = {
			isa = PBXGroup;
			children = (
				95B8D8E51C6A9A210059C680 /* AppDelegate.h */,
				95B8D8E61C6A9A210059C680 /* AppDelegate.m */,
				95B8D8E81C6A9A210059C680 /* ViewController.h */,
				95B8D8E91C6A9A210059C680 /* ViewController.m */,
				95B8D8EB1C6A9A210059C680 /* Main.storyboard */,
				95B8D8F11C6A9A210059C680 /* Assets.xcassets */,
				95B8D8F31C6A9A210059C680 /* LaunchScreen.storyboard */,
				95B8D8F61C6A9A210059C680 /* Info.plist */,
				95B8D8EE1C6A9A210059C680 /* Hunter.xcdatamodeld */,
				95B8D8E21C6A9A210059C680 /* Supporting Files */,
			);
			path = Hunter;
			sourceTree = "<group>";
		};
		95B8D8E21C6A9A210059C680 /* Supporting Files */ = {
			isa = PBXGroup;
			children = (
				95B8D8E31C6A9A210059C680 /* main.m */,
			);
			name = "Supporting Files";
			sourceTree = "<group>";
		};
/* End PBXGroup section */

/* Begin PBXNativeTarget section */
		95B8D8DE1C6A9A210059C680 /* Hunter */ = {
			isa = PBXNativeTarget;
			buildConfigurationList = 95B8D8F91C6A9A210059C680 /* Build configuration list for PBXNativeTarget "Hunter" */;
			buildPhases = (
				95B8D8DB1C6A9A210059C680 /* Sources */,
				95B8D8DC1C6A9A210059C680 /* Frameworks */,
				95B8D8DD1C6A9A210059C680 /* Resources */,
			);
			buildRules = (
			);
			dependencies = (
			);
			name = Hunter;
			productName = Hunter;
			productReference = 95B8D8DF1C6A9A210059C680 /* Hunter.app */;
			productType = "com.apple.product-type.application";
		};
/* End PBXNativeTarget section */

/* Begin PBXProject section */
		95B8D8D71C6A9A210059C680 /* Project object */ = {
			isa = PBXProject;
			attributes = {
				LastUpgradeCheck = 0720;
				ORGANIZATIONNAME = SCS;
				TargetAttributes = {
					95B8D8DE1C6A9A210059C680 = {
						CreatedOnToolsVersion = 7.2;
					};
				};
			};
			buildConfigurationList = 95B8D8DA1C6A9A210059C680 /* Build configuration list for PBXProject "Hunter" */;
			compatibilityVersion = "Xcode 3.2";
			developmentRegion = English;
			hasScannedForEncodings = 0;
			knownRegions = (
				en,
				Base,
			);
			mainGroup = 95B8D8D61C6A9A210059C680;
			productRefGroup = 95B8D8E01C6A9A210059C680 /* Products */;
			projectDirPath = "";
			projectRoot = "";
			targets = (
				95B8D8DE1C6A9A210059C680 /* Hunter */,
			);
		};
/* End PBXProject section */

/* Begin PBXResourcesBuildPhase section */
		95B8D8DD1C6A9A210059C680 /* Resources */ = {
			isa = PBXResourcesBuildPhase;
			buildActionMask = 2147483647;
			files = (
				95B8D8F51C6A9A210059C680 /* LaunchScreen.storyboard in Resources */,
				95B8D8F21C6A9A210059C680 /* Assets.xcassets in Resources */,
				95B8D8ED1C6A9A210059C680 /* Main.storyboard in Resources */,
			);
			runOnlyForDeploymentPostprocessing = 0;
		};
/* End PBXResourcesBuildPhase section */

/* Begin PBXSourcesBuildPhase section */
		95B8D8DB1C6A9A210059C680 /* Sources */ = {
			isa = PBXSourcesBuildPhase;
			buildActionMask = 2147483647;
			files = (
				95B8D8EA1C6A9A210059C680 /* ViewController.m in Sources */,
				95B8D8F01C6A9A210059C680 /* Hunter.xcdatamodeld in Sources */,
				95B8D8E71C6A9A210059C680 /* AppDelegate.m in Sources */,
				95B8D8E41C6A9A210059C680 /* main.m in Sources */,
			);
			runOnlyForDeploymentPostprocessing = 0;
		};
/* End PBXSourcesBuildPhase section */

/* Begin PBXVariantGroup section */
		95B8D8EB1C6A9A210059C680 /* Main.storyboard */ = {
			isa = PBXVariantGroup;
			children = (
				95B8D8EC1C6A9A210059C680 /* Base */,
			);
			name = Main.storyboard;
			sourceTree = "<group>";
		};
		95B8D8F31C6A9A210059C680 /* LaunchScreen.storyboard */ = {
			isa = PBXVariantGroup;
			children = (
				95B8D8F41C6A9A210059C680 /* Base */,
			);
			name = LaunchScreen.storyboard;
			sourceTree = "<group>";
		};
/* End PBXVariantGroup section */

/* Begin XCBuildConfiguration section */
		95B8D8F71C6A9A210059C680 /* Debug */ = {
			isa = XCBuildConfiguration;
			buildSettings = {
				ALWAYS_SEARCH_USER_PATHS = NO;
				CLANG_CXX_LANGUAGE_STANDARD = "gnu++0x";
				CLANG_CXX_LIBRARY = "libc++";
				CLANG_ENABLE_MODULES = YES;
				CLANG_ENABLE_OBJC_ARC = YES;
				CLANG_WARN_BOOL_CONVERSION = YES;
				CLANG_WARN_CONSTANT_CONVERSION = YES;
				CLANG_WARN_DIRECT_OBJC_ISA_USAGE = YES_ERROR;
				CLANG_WARN_EMPTY_BODY = YES;
				CLANG_WARN_ENUM_CONVERSION = YES;
				CLANG_WARN_INT_CONVERSION = YES;
				CLANG_WARN_OBJC_ROOT_CLASS = YES_ERROR;
				CLANG_WARN_UNREACHABLE_CODE = YES;
				CLANG_WARN__DUPLICATE_METHOD_MATCH = YES;
				"CODE_SIGN_IDENTITY[sdk=iphoneos*]" = "iPhone Developer";
				COPY_PHASE_STRIP = NO;
				DEBUG_INFORMATION_FORMAT = dwarf;
				ENABLE_STRICT_OBJC_MSGSEND = YES;
				ENABLE_TESTABILITY = YES;
				GCC_C_LANGUAGE_STANDARD = gnu99;
				GCC_DYNAMIC_NO_PIC = NO;
				GCC_NO_COMMON_BLOCKS = YES;
				GCC_OPTIMIZATION_LEVEL = 0;
				GCC_PREPROCESSOR_DEFINITIONS = (
					"DEBUG=1",
					"$(inherited)",
				);
				GCC_WARN_64_TO_32_BIT_CONVERSION = YES;
				GCC_WARN_ABOUT_RETURN_TYPE = YES_ERROR;
				GCC_WARN_UNDECLARED_SELECTOR = YES;
				GCC_WARN_UNINITIALIZED_AUTOS = YES_AGGRESSIVE;
				GCC_WARN_UNUSED_FUNCTION = YES;
				GCC_WARN_UNUSED_VARIABLE = YES;
				IPHONEOS_DEPLOYMENT_TARGET = 9.2;
				MTL_ENABLE_DEBUG_INFO = YES;
				ONLY_ACTIVE_ARCH = YES;
				SDKROOT = iphoneos;
			};
			name = Debug;
		};
		95B8D8F81C6A9A210059C680 /* Release */ = {
			isa = XCBuildConfiguration;
			buildSettings = {
				ALWAYS_SEARCH_USER_PATHS = NO;
				CLANG_CXX_LANGUAGE_STANDARD = "gnu++0x";
				CLANG_CXX_LIBRARY = "libc++";
				CLANG_ENABLE_MODULES = YES;
				CLANG_ENABLE_OBJC_ARC = YES;
				CLANG_WARN_BOOL_CONVERSION = YES;
				CLANG_WARN_CONSTANT_CONVERSION = YES;
				CLANG_WARN_DIRECT_OBJC_ISA_USAGE = YES_ERROR;
				CLANG_WARN_EMPTY_BODY = YES;
				CLANG_WARN_ENUM_CONVERSION = YES;
				CLANG_WARN_INT_CONVERSION = YES;
				CLANG_WARN_OBJC_ROOT_CLASS = YES_ERROR;
				CLANG_WARN_UNREACHABLE_CODE = YES;
				CLANG_WARN__DUPLICATE_METHOD_MATCH = YES;
				"CODE_SIGN_IDENTITY[sdk=iphoneos*]" = "iPhone Developer";
				COPY_PHASE_STRIP = NO;
				DEBUG_INFORMATION_FORMAT = "dwarf-with-dsym";
				ENABLE_NS_ASSERTIONS = NO;
				ENABLE_STRICT_OBJC_MSGSEND = YES;
				GCC_C_LANGUAGE_STANDARD = gnu99;
				GCC_NO_COMMON_BLOCKS = YES;
				GCC_WARN_64_TO_32_BIT_CONVERSION = YES;
				GCC_WARN_ABOUT_RETURN_TYPE = YES_ERROR;
				GCC_WARN_UNDECLARED_SELECTOR = YES;
				GCC_WARN_UNINITIALIZED_AUTOS = YES_AGGRESSIVE;
				GCC_WARN_UNUSED_FUNCTION = YES;
				GCC_WARN_UNUSED_VARIABLE = YES;
				IPHONEOS_DEPLOYMENT_TARGET = 9.2;
				MTL_ENABLE_DEBUG_INFO = NO;
				SDKROOT = iphoneos;
				VALIDATE_PRODUCT = YES;
			};
			name = Release;
		};
		95B8D8FA1C6A9A210059C680 /* Debug */ = {
			isa = XCBuildConfiguration;
			buildSettings = {
				ASSETCATALOG_COMPILER_APPICON_NAME = AppIcon;
				INFOPLIST_FILE = Hunter/Info.plist;
				LD_RUNPATH_SEARCH_PATHS = "$(inherited) @executable_path/Frameworks";
				PRODUCT_BUNDLE_IDENTIFIER = com.scs.Hunter;
				PRODUCT_NAME = "$(TARGET_NAME)";
			};
			name = Debug;
		};
		95B8D8FB1C6A9A210059C680 /* Release */ = {
			isa = XCBuildConfiguration;
			buildSettings = {
				ASSETCATALOG_COMPILER_APPICON_NAME = AppIcon;
				INFOPLIST_FILE = Hunter/Info.plist;
				LD_RUNPATH_SEARCH_PATHS = "$(inherited) @executable_path/Frameworks";
				PRODUCT_BUNDLE_IDENTIFIER = com.scs.Hunter;
				PRODUCT_NAME = "$(TARGET_NAME)";
			};
			name = Release;
		};
/* End XCBuildConfiguration section */

/* Begin XCConfigurationList section */
		95B8D8DA1C6A9A210059C680 /* Build configuration list for PBXProject "Hunter" */ = {
			isa = XCConfigurationList;
			buildConfigurations = (
				95B8D8F71C6A9A210059C680 /* Debug */,
				95B8D8F81C6A9A210059C680 /* Release */,
			);
			defaultConfigurationIsVisible = 0;
			defaultConfigurationName = Release;
		};
		95B8D8F91C6A9A210059C680 /* Build configuration list for PBXNativeTarget "Hunter" */ = {
			isa = XCConfigurationList;
			buildConfigurations = (
				95B8D8FA1C6A9A210059C680 /* Debug */,
				95B8D8FB1C6A9A210059C680 /* Release */,
			);
			defaultConfigurationIsVisible = 0;
		};
/* End XCConfigurationList section */

/* Begin XCVersionGroup section */
		95B8D8EE1C6A9A210059C680 /* Hunter.xcdatamodeld */ = {
			isa = XCVersionGroup;
			children = (
				95B8D8EF1C6A9A210059C680 /* Hunter.xcdatamodel */,
			);
			currentVersion = 95B8D8EF1C6A9A210059C680 /* Hunter.xcdatamodel */;
			path = Hunter.xcdatamodeld;
			sourceTree = "<group>";
			versionGroupType = wrapper.xcdatamodel;
		};
/* End XCVersionGroup section */
	};
	rootObject = 95B8D8D71C6A9A210059C680 /* Project object */;
}
