// !$*UTF8*$!
{
	archiveVersion = 1;
	classes = {
	};
	objectVersion = 46;
	objects = {

/* Begin PBXBuildFile section */
		130D9B761D12716900F7C9B8 /* SCSPushNotificationManager.m in Sources */ = {isa = PBXBuildFile; fileRef = 130D9B751D12716900F7C9B8 /* SCSPushNotificationManager.m */; };
		1342A01F1D0B62EE00168C59 /* NSString+UUID.m in Sources */ = {isa = PBXBuildFile; fileRef = 1342A01E1D0B62EE00168C59 /* NSString+UUID.m */; };
		134A340C1D111F4800F0F96D /* SCSPushNotification.m in Sources */ = {isa = PBXBuildFile; fileRef = 134A340B1D111F4800F0F96D /* SCSPushNotification.m */; };
		378FBC690502381C89AB2C9F /* libPods-Huntr.a in Frameworks */ = {isa = PBXBuildFile; fileRef = EB51DD860D8FAA6B2B780137 /* libPods-Huntr.a */; };
		9520451F1CD2F0D0007C1431 /* main.m in Sources */ = {isa = PBXBuildFile; fileRef = 9520451E1CD2F0D0007C1431 /* main.m */; };
		9520452A1CD2F0D0007C1431 /* Assets.xcassets in Resources */ = {isa = PBXBuildFile; fileRef = 952045291CD2F0D0007C1431 /* Assets.xcassets */; };
		9520452D1CD2F0D0007C1431 /* LaunchScreen.storyboard in Resources */ = {isa = PBXBuildFile; fileRef = 9520452B1CD2F0D0007C1431 /* LaunchScreen.storyboard */; };
		952045361CD2F3D6007C1431 /* Huntrv2.storyboard in Resources */ = {isa = PBXBuildFile; fileRef = 952045341CD2F3D6007C1431 /* Huntrv2.storyboard */; };
		9520456E1CD2F40E007C1431 /* NSString+EnumParser.m in Sources */ = {isa = PBXBuildFile; fileRef = 9520453A1CD2F40E007C1431 /* NSString+EnumParser.m */; };
		9520456F1CD2F40E007C1431 /* UIAlertView+error.m in Sources */ = {isa = PBXBuildFile; fileRef = 9520453C1CD2F40E007C1431 /* UIAlertView+error.m */; };
		952045701CD2F40E007C1431 /* UIButton+Style.m in Sources */ = {isa = PBXBuildFile; fileRef = 9520453E1CD2F40E007C1431 /* UIButton+Style.m */; };
		952045711CD2F40E007C1431 /* UIImage+Alpha.m in Sources */ = {isa = PBXBuildFile; fileRef = 952045401CD2F40E007C1431 /* UIImage+Alpha.m */; };
		952045721CD2F40E007C1431 /* UIImage+Resize.m in Sources */ = {isa = PBXBuildFile; fileRef = 952045421CD2F40E007C1431 /* UIImage+Resize.m */; };
		952045731CD2F40E007C1431 /* UIImage+RoundedCorner.m in Sources */ = {isa = PBXBuildFile; fileRef = 952045441CD2F40E007C1431 /* UIImage+RoundedCorner.m */; };
		952045741CD2F40E007C1431 /* GameCell.m in Sources */ = {isa = PBXBuildFile; fileRef = 952045471CD2F40E007C1431 /* GameCell.m */; };
		952045751CD2F40E007C1431 /* GameClueCell.m in Sources */ = {isa = PBXBuildFile; fileRef = 952045491CD2F40E007C1431 /* GameClueCell.m */; };
		952045761CD2F40E007C1431 /* LeaderboardCell.m in Sources */ = {isa = PBXBuildFile; fileRef = 9520454B1CD2F40E007C1431 /* LeaderboardCell.m */; };
		952045771CD2F40E007C1431 /* TeamCell.m in Sources */ = {isa = PBXBuildFile; fileRef = 9520454D1CD2F40E007C1431 /* TeamCell.m */; };
		952045781CD2F40E007C1431 /* SCSEnvironment.m in Sources */ = {isa = PBXBuildFile; fileRef = 952045501CD2F40E007C1431 /* SCSEnvironment.m */; };
		9520457A1CD2F40E007C1431 /* CluesListViewController.m in Sources */ = {isa = PBXBuildFile; fileRef = 952045551CD2F40E007C1431 /* CluesListViewController.m */; };
		9520457B1CD2F40E007C1431 /* GamesListViewController.m in Sources */ = {isa = PBXBuildFile; fileRef = 952045571CD2F40E007C1431 /* GamesListViewController.m */; };
		9520457C1CD2F40E007C1431 /* GameViewController.m in Sources */ = {isa = PBXBuildFile; fileRef = 952045591CD2F40E007C1431 /* GameViewController.m */; };
		9520457D1CD2F40E007C1431 /* LeaderboardViewController.m in Sources */ = {isa = PBXBuildFile; fileRef = 9520455B1CD2F40E007C1431 /* LeaderboardViewController.m */; };
		9520457E1CD2F40E007C1431 /* LocationAnswerViewController.m in Sources */ = {isa = PBXBuildFile; fileRef = 9520455D1CD2F40E007C1431 /* LocationAnswerViewController.m */; };
		9520457F1CD2F40E007C1431 /* NewEntityViewController.m in Sources */ = {isa = PBXBuildFile; fileRef = 9520455F1CD2F40E007C1431 /* NewEntityViewController.m */; };
		952045801CD2F40E007C1431 /* PhotoAnswerViewController.m in Sources */ = {isa = PBXBuildFile; fileRef = 952045611CD2F40E007C1431 /* PhotoAnswerViewController.m */; };
		952045811CD2F40E007C1431 /* TeamsListViewController.m in Sources */ = {isa = PBXBuildFile; fileRef = 952045631CD2F40E007C1431 /* TeamsListViewController.m */; };
		952045821CD2F40E007C1431 /* DismissSegue.m in Sources */ = {isa = PBXBuildFile; fileRef = 952045661CD2F40E007C1431 /* DismissSegue.m */; };
		952045831CD2F40E007C1431 /* EnvironmentManger.m in Sources */ = {isa = PBXBuildFile; fileRef = 952045681CD2F40E007C1431 /* EnvironmentManger.m */; };
		952045841CD2F40E007C1431 /* SCSHuntrClient.m in Sources */ = {isa = PBXBuildFile; fileRef = 9520456A1CD2F40E007C1431 /* SCSHuntrClient.m */; };
		952045851CD2F40E007C1431 /* TeamAccessoryButton.m in Sources */ = {isa = PBXBuildFile; fileRef = 9520456D1CD2F40E007C1431 /* TeamAccessoryButton.m */; };
		952045AA1CD2F456007C1431 /* SCSAnswer.m in Sources */ = {isa = PBXBuildFile; fileRef = 9520458A1CD2F456007C1431 /* SCSAnswer.m */; };
		952045AB1CD2F456007C1431 /* SCSClue.m in Sources */ = {isa = PBXBuildFile; fileRef = 9520458C1CD2F456007C1431 /* SCSClue.m */; };
		952045AC1CD2F456007C1431 /* SCSEntity.m in Sources */ = {isa = PBXBuildFile; fileRef = 9520458E1CD2F456007C1431 /* SCSEntity.m */; };
		952045AD1CD2F456007C1431 /* SCSGame.m in Sources */ = {isa = PBXBuildFile; fileRef = 952045901CD2F456007C1431 /* SCSGame.m */; };
		952045AE1CD2F456007C1431 /* SCSPlayer.m in Sources */ = {isa = PBXBuildFile; fileRef = 952045921CD2F456007C1431 /* SCSPlayer.m */; };
		952045AF1CD2F456007C1431 /* SCSTeam.m in Sources */ = {isa = PBXBuildFile; fileRef = 952045941CD2F456007C1431 /* SCSTeam.m */; };
		952045BB1CD2F488007C1431 /* AppDelegate.m in Sources */ = {isa = PBXBuildFile; fileRef = 952045B91CD2F488007C1431 /* AppDelegate.m */; };
		954247F31D01274A00E3CE07 /* pending@2x.png in Resources */ = {isa = PBXBuildFile; fileRef = 954247F01D01274A00E3CE07 /* pending@2x.png */; };
		954247F41D01274A00E3CE07 /* reject@2x.png in Resources */ = {isa = PBXBuildFile; fileRef = 954247F11D01274A00E3CE07 /* reject@2x.png */; };
		954247F51D01274A00E3CE07 /* approved@2x.png in Resources */ = {isa = PBXBuildFile; fileRef = 954247F21D01274A00E3CE07 /* approved@2x.png */; };
		954247F71D0128EA00E3CE07 /* approval@2x.png in Resources */ = {isa = PBXBuildFile; fileRef = 954247F61D0128EA00E3CE07 /* approval@2x.png */; };
		95E4AD2F1CE6C0C500F9F04B /* UIAlertController+Blocks.m in Sources */ = {isa = PBXBuildFile; fileRef = 95E4AD2E1CE6C0C500F9F04B /* UIAlertController+Blocks.m */; };
		95E9F2341CD41B5100B0B909 /* Camera@2x.png in Resources */ = {isa = PBXBuildFile; fileRef = 95E9F2271CD41B5100B0B909 /* Camera@2x.png */; };
		95E9F2351CD41B5100B0B909 /* Checkmark@2x.png in Resources */ = {isa = PBXBuildFile; fileRef = 95E9F2281CD41B5100B0B909 /* Checkmark@2x.png */; };
		95E9F2361CD41B5100B0B909 /* clue@2x.png in Resources */ = {isa = PBXBuildFile; fileRef = 95E9F2291CD41B5100B0B909 /* clue@2x.png */; };
		95E9F2371CD41B5100B0B909 /* find-discover-2x.png in Resources */ = {isa = PBXBuildFile; fileRef = 95E9F22A1CD41B5100B0B909 /* find-discover-2x.png */; };
		95E9F2381CD41B5100B0B909 /* find-discover.png in Resources */ = {isa = PBXBuildFile; fileRef = 95E9F22B1CD41B5100B0B909 /* find-discover.png */; };
		95E9F2391CD41B5100B0B909 /* hunt-green-white-2x.png in Resources */ = {isa = PBXBuildFile; fileRef = 95E9F22C1CD41B5100B0B909 /* hunt-green-white-2x.png */; };
		95E9F23A1CD41B5100B0B909 /* hunt-green-white.png in Resources */ = {isa = PBXBuildFile; fileRef = 95E9F22D1CD41B5100B0B909 /* hunt-green-white.png */; };
		95E9F23B1CD41B5100B0B909 /* Leaderboard@2x.png in Resources */ = {isa = PBXBuildFile; fileRef = 95E9F22E1CD41B5100B0B909 /* Leaderboard@2x.png */; };
		95E9F23C1CD41B5100B0B909 /* limo-icon.png in Resources */ = {isa = PBXBuildFile; fileRef = 95E9F22F1CD41B5100B0B909 /* limo-icon.png */; };
		95E9F23D1CD41B5100B0B909 /* limo-icon2x.png in Resources */ = {isa = PBXBuildFile; fileRef = 95E9F2301CD41B5100B0B909 /* limo-icon2x.png */; };
		95E9F23E1CD41B5100B0B909 /* location@2x.png in Resources */ = {isa = PBXBuildFile; fileRef = 95E9F2311CD41B5100B0B909 /* location@2x.png */; };
		95E9F23F1CD41B5100B0B909 /* start-button-2x.png in Resources */ = {isa = PBXBuildFile; fileRef = 95E9F2321CD41B5100B0B909 /* start-button-2x.png */; };
		95E9F2401CD41B5100B0B909 /* start-button.png in Resources */ = {isa = PBXBuildFile; fileRef = 95E9F2331CD41B5100B0B909 /* start-button.png */; };
/* End PBXBuildFile section */

/* Begin PBXFileReference section */
		130D9B741D12716900F7C9B8 /* SCSPushNotificationManager.h */ = {isa = PBXFileReference; fileEncoding = 4; lastKnownFileType = sourcecode.c.h; path = SCSPushNotificationManager.h; sourceTree = "<group>"; };
		130D9B751D12716900F7C9B8 /* SCSPushNotificationManager.m */ = {isa = PBXFileReference; fileEncoding = 4; lastKnownFileType = sourcecode.c.objc; path = SCSPushNotificationManager.m; sourceTree = "<group>"; };
		1342A01D1D0B62EE00168C59 /* NSString+UUID.h */ = {isa = PBXFileReference; fileEncoding = 4; lastKnownFileType = sourcecode.c.h; path = "NSString+UUID.h"; sourceTree = "<group>"; };
		1342A01E1D0B62EE00168C59 /* NSString+UUID.m */ = {isa = PBXFileReference; fileEncoding = 4; lastKnownFileType = sourcecode.c.objc; path = "NSString+UUID.m"; sourceTree = "<group>"; };
		134A340A1D111F4800F0F96D /* SCSPushNotification.h */ = {isa = PBXFileReference; fileEncoding = 4; lastKnownFileType = sourcecode.c.h; path = SCSPushNotification.h; sourceTree = "<group>"; };
		134A340B1D111F4800F0F96D /* SCSPushNotification.m */ = {isa = PBXFileReference; fileEncoding = 4; lastKnownFileType = sourcecode.c.objc; path = SCSPushNotification.m; sourceTree = "<group>"; };
		3A03F9579B6752E4CFFBDB39 /* Pods-Huntr.release.xcconfig */ = {isa = PBXFileReference; includeInIndex = 1; lastKnownFileType = text.xcconfig; name = "Pods-Huntr.release.xcconfig"; path = "Pods/Target Support Files/Pods-Huntr/Pods-Huntr.release.xcconfig"; sourceTree = "<group>"; };
		4FBEE39E3EDA44405C73E17D /* Pods-Huntr.stage.xcconfig */ = {isa = PBXFileReference; includeInIndex = 1; lastKnownFileType = text.xcconfig; name = "Pods-Huntr.stage.xcconfig"; path = "Pods/Target Support Files/Pods-Huntr/Pods-Huntr.stage.xcconfig"; sourceTree = "<group>"; };
		6E425B6E42A4F5CF9F2403B3 /* Pods-Huntr.debug.xcconfig */ = {isa = PBXFileReference; includeInIndex = 1; lastKnownFileType = text.xcconfig; name = "Pods-Huntr.debug.xcconfig"; path = "Pods/Target Support Files/Pods-Huntr/Pods-Huntr.debug.xcconfig"; sourceTree = "<group>"; };
		9520451A1CD2F0D0007C1431 /* Huntr.app */ = {isa = PBXFileReference; explicitFileType = wrapper.application; includeInIndex = 0; path = Huntr.app; sourceTree = BUILT_PRODUCTS_DIR; };
		9520451E1CD2F0D0007C1431 /* main.m */ = {isa = PBXFileReference; lastKnownFileType = sourcecode.c.objc; path = main.m; sourceTree = "<group>"; };
		952045291CD2F0D0007C1431 /* Assets.xcassets */ = {isa = PBXFileReference; lastKnownFileType = folder.assetcatalog; path = Assets.xcassets; sourceTree = "<group>"; };
		9520452C1CD2F0D0007C1431 /* Base */ = {isa = PBXFileReference; lastKnownFileType = file.storyboard; name = Base; path = Base.lproj/LaunchScreen.storyboard; sourceTree = "<group>"; };
		9520452E1CD2F0D0007C1431 /* Info.plist */ = {isa = PBXFileReference; lastKnownFileType = text.plist.xml; path = Info.plist; sourceTree = "<group>"; };
		952045351CD2F3D6007C1431 /* Base */ = {isa = PBXFileReference; lastKnownFileType = file.storyboard; name = Base; path = Huntr/Base.lproj/Huntrv2.storyboard; sourceTree = "<group>"; };
		952045391CD2F40E007C1431 /* NSString+EnumParser.h */ = {isa = PBXFileReference; fileEncoding = 4; lastKnownFileType = sourcecode.c.h; path = "NSString+EnumParser.h"; sourceTree = "<group>"; };
		9520453A1CD2F40E007C1431 /* NSString+EnumParser.m */ = {isa = PBXFileReference; fileEncoding = 4; lastKnownFileType = sourcecode.c.objc; path = "NSString+EnumParser.m"; sourceTree = "<group>"; };
		9520453B1CD2F40E007C1431 /* UIAlertView+error.h */ = {isa = PBXFileReference; fileEncoding = 4; lastKnownFileType = sourcecode.c.h; path = "UIAlertView+error.h"; sourceTree = "<group>"; };
		9520453C1CD2F40E007C1431 /* UIAlertView+error.m */ = {isa = PBXFileReference; fileEncoding = 4; lastKnownFileType = sourcecode.c.objc; path = "UIAlertView+error.m"; sourceTree = "<group>"; };
		9520453D1CD2F40E007C1431 /* UIButton+Style.h */ = {isa = PBXFileReference; fileEncoding = 4; lastKnownFileType = sourcecode.c.h; path = "UIButton+Style.h"; sourceTree = "<group>"; };
		9520453E1CD2F40E007C1431 /* UIButton+Style.m */ = {isa = PBXFileReference; fileEncoding = 4; lastKnownFileType = sourcecode.c.objc; path = "UIButton+Style.m"; sourceTree = "<group>"; };
		9520453F1CD2F40E007C1431 /* UIImage+Alpha.h */ = {isa = PBXFileReference; fileEncoding = 4; lastKnownFileType = sourcecode.c.h; path = "UIImage+Alpha.h"; sourceTree = "<group>"; };
		952045401CD2F40E007C1431 /* UIImage+Alpha.m */ = {isa = PBXFileReference; fileEncoding = 4; lastKnownFileType = sourcecode.c.objc; path = "UIImage+Alpha.m"; sourceTree = "<group>"; };
		952045411CD2F40E007C1431 /* UIImage+Resize.h */ = {isa = PBXFileReference; fileEncoding = 4; lastKnownFileType = sourcecode.c.h; path = "UIImage+Resize.h"; sourceTree = "<group>"; };
		952045421CD2F40E007C1431 /* UIImage+Resize.m */ = {isa = PBXFileReference; fileEncoding = 4; lastKnownFileType = sourcecode.c.objc; path = "UIImage+Resize.m"; sourceTree = "<group>"; };
		952045431CD2F40E007C1431 /* UIImage+RoundedCorner.h */ = {isa = PBXFileReference; fileEncoding = 4; lastKnownFileType = sourcecode.c.h; path = "UIImage+RoundedCorner.h"; sourceTree = "<group>"; };
		952045441CD2F40E007C1431 /* UIImage+RoundedCorner.m */ = {isa = PBXFileReference; fileEncoding = 4; lastKnownFileType = sourcecode.c.objc; path = "UIImage+RoundedCorner.m"; sourceTree = "<group>"; };
		952045461CD2F40E007C1431 /* GameCell.h */ = {isa = PBXFileReference; fileEncoding = 4; lastKnownFileType = sourcecode.c.h; path = GameCell.h; sourceTree = "<group>"; };
		952045471CD2F40E007C1431 /* GameCell.m */ = {isa = PBXFileReference; fileEncoding = 4; lastKnownFileType = sourcecode.c.objc; path = GameCell.m; sourceTree = "<group>"; };
		952045481CD2F40E007C1431 /* GameClueCell.h */ = {isa = PBXFileReference; fileEncoding = 4; lastKnownFileType = sourcecode.c.h; path = GameClueCell.h; sourceTree = "<group>"; };
		952045491CD2F40E007C1431 /* GameClueCell.m */ = {isa = PBXFileReference; fileEncoding = 4; lastKnownFileType = sourcecode.c.objc; path = GameClueCell.m; sourceTree = "<group>"; };
		9520454A1CD2F40E007C1431 /* LeaderboardCell.h */ = {isa = PBXFileReference; fileEncoding = 4; lastKnownFileType = sourcecode.c.h; path = LeaderboardCell.h; sourceTree = "<group>"; };
		9520454B1CD2F40E007C1431 /* LeaderboardCell.m */ = {isa = PBXFileReference; fileEncoding = 4; lastKnownFileType = sourcecode.c.objc; path = LeaderboardCell.m; sourceTree = "<group>"; };
		9520454C1CD2F40E007C1431 /* TeamCell.h */ = {isa = PBXFileReference; fileEncoding = 4; lastKnownFileType = sourcecode.c.h; path = TeamCell.h; sourceTree = "<group>"; };
		9520454D1CD2F40E007C1431 /* TeamCell.m */ = {isa = PBXFileReference; fileEncoding = 4; lastKnownFileType = sourcecode.c.objc; path = TeamCell.m; sourceTree = "<group>"; };
		9520454F1CD2F40E007C1431 /* SCSEnvironment.h */ = {isa = PBXFileReference; fileEncoding = 4; lastKnownFileType = sourcecode.c.h; path = SCSEnvironment.h; sourceTree = "<group>"; };
		952045501CD2F40E007C1431 /* SCSEnvironment.m */ = {isa = PBXFileReference; fileEncoding = 4; lastKnownFileType = sourcecode.c.objc; path = SCSEnvironment.m; sourceTree = "<group>"; };
		952045541CD2F40E007C1431 /* CluesListViewController.h */ = {isa = PBXFileReference; fileEncoding = 4; lastKnownFileType = sourcecode.c.h; path = CluesListViewController.h; sourceTree = "<group>"; };
		952045551CD2F40E007C1431 /* CluesListViewController.m */ = {isa = PBXFileReference; fileEncoding = 4; lastKnownFileType = sourcecode.c.objc; path = CluesListViewController.m; sourceTree = "<group>"; };
		952045561CD2F40E007C1431 /* GamesListViewController.h */ = {isa = PBXFileReference; fileEncoding = 4; lastKnownFileType = sourcecode.c.h; path = GamesListViewController.h; sourceTree = "<group>"; };
		952045571CD2F40E007C1431 /* GamesListViewController.m */ = {isa = PBXFileReference; fileEncoding = 4; lastKnownFileType = sourcecode.c.objc; path = GamesListViewController.m; sourceTree = "<group>"; };
		952045581CD2F40E007C1431 /* GameViewController.h */ = {isa = PBXFileReference; fileEncoding = 4; lastKnownFileType = sourcecode.c.h; path = GameViewController.h; sourceTree = "<group>"; };
		952045591CD2F40E007C1431 /* GameViewController.m */ = {isa = PBXFileReference; fileEncoding = 4; lastKnownFileType = sourcecode.c.objc; path = GameViewController.m; sourceTree = "<group>"; };
		9520455A1CD2F40E007C1431 /* LeaderboardViewController.h */ = {isa = PBXFileReference; fileEncoding = 4; lastKnownFileType = sourcecode.c.h; path = LeaderboardViewController.h; sourceTree = "<group>"; };
		9520455B1CD2F40E007C1431 /* LeaderboardViewController.m */ = {isa = PBXFileReference; fileEncoding = 4; lastKnownFileType = sourcecode.c.objc; path = LeaderboardViewController.m; sourceTree = "<group>"; };
		9520455C1CD2F40E007C1431 /* LocationAnswerViewController.h */ = {isa = PBXFileReference; fileEncoding = 4; lastKnownFileType = sourcecode.c.h; path = LocationAnswerViewController.h; sourceTree = "<group>"; };
		9520455D1CD2F40E007C1431 /* LocationAnswerViewController.m */ = {isa = PBXFileReference; fileEncoding = 4; lastKnownFileType = sourcecode.c.objc; path = LocationAnswerViewController.m; sourceTree = "<group>"; };
		9520455E1CD2F40E007C1431 /* NewEntityViewController.h */ = {isa = PBXFileReference; fileEncoding = 4; lastKnownFileType = sourcecode.c.h; path = NewEntityViewController.h; sourceTree = "<group>"; };
		9520455F1CD2F40E007C1431 /* NewEntityViewController.m */ = {isa = PBXFileReference; fileEncoding = 4; lastKnownFileType = sourcecode.c.objc; path = NewEntityViewController.m; sourceTree = "<group>"; };
		952045601CD2F40E007C1431 /* PhotoAnswerViewController.h */ = {isa = PBXFileReference; fileEncoding = 4; lastKnownFileType = sourcecode.c.h; path = PhotoAnswerViewController.h; sourceTree = "<group>"; };
		952045611CD2F40E007C1431 /* PhotoAnswerViewController.m */ = {isa = PBXFileReference; fileEncoding = 4; lastKnownFileType = sourcecode.c.objc; path = PhotoAnswerViewController.m; sourceTree = "<group>"; };
		952045621CD2F40E007C1431 /* TeamsListViewController.h */ = {isa = PBXFileReference; fileEncoding = 4; lastKnownFileType = sourcecode.c.h; path = TeamsListViewController.h; sourceTree = "<group>"; };
		952045631CD2F40E007C1431 /* TeamsListViewController.m */ = {isa = PBXFileReference; fileEncoding = 4; lastKnownFileType = sourcecode.c.objc; path = TeamsListViewController.m; sourceTree = "<group>"; };
		952045651CD2F40E007C1431 /* DismissSegue.h */ = {isa = PBXFileReference; fileEncoding = 4; lastKnownFileType = sourcecode.c.h; path = DismissSegue.h; sourceTree = "<group>"; };
		952045661CD2F40E007C1431 /* DismissSegue.m */ = {isa = PBXFileReference; fileEncoding = 4; lastKnownFileType = sourcecode.c.objc; path = DismissSegue.m; sourceTree = "<group>"; };
		952045671CD2F40E007C1431 /* EnvironmentManger.h */ = {isa = PBXFileReference; fileEncoding = 4; lastKnownFileType = sourcecode.c.h; path = EnvironmentManger.h; sourceTree = "<group>"; };
		952045681CD2F40E007C1431 /* EnvironmentManger.m */ = {isa = PBXFileReference; fileEncoding = 4; lastKnownFileType = sourcecode.c.objc; path = EnvironmentManger.m; sourceTree = "<group>"; };
		952045691CD2F40E007C1431 /* SCSHuntrClient.h */ = {isa = PBXFileReference; fileEncoding = 4; lastKnownFileType = sourcecode.c.h; path = SCSHuntrClient.h; sourceTree = "<group>"; };
		9520456A1CD2F40E007C1431 /* SCSHuntrClient.m */ = {isa = PBXFileReference; fileEncoding = 4; lastKnownFileType = sourcecode.c.objc; path = SCSHuntrClient.m; sourceTree = "<group>"; };
		9520456C1CD2F40E007C1431 /* TeamAccessoryButton.h */ = {isa = PBXFileReference; fileEncoding = 4; lastKnownFileType = sourcecode.c.h; path = TeamAccessoryButton.h; sourceTree = "<group>"; };
		9520456D1CD2F40E007C1431 /* TeamAccessoryButton.m */ = {isa = PBXFileReference; fileEncoding = 4; lastKnownFileType = sourcecode.c.objc; path = TeamAccessoryButton.m; sourceTree = "<group>"; };
		952045871CD2F43D007C1431 /* EnvironmentConstants.h */ = {isa = PBXFileReference; fileEncoding = 4; lastKnownFileType = sourcecode.c.h; path = EnvironmentConstants.h; sourceTree = "<group>"; };
		952045891CD2F456007C1431 /* SCSAnswer.h */ = {isa = PBXFileReference; fileEncoding = 4; lastKnownFileType = sourcecode.c.h; path = SCSAnswer.h; sourceTree = "<group>"; };
		9520458A1CD2F456007C1431 /* SCSAnswer.m */ = {isa = PBXFileReference; fileEncoding = 4; lastKnownFileType = sourcecode.c.objc; path = SCSAnswer.m; sourceTree = "<group>"; };
		9520458B1CD2F456007C1431 /* SCSClue.h */ = {isa = PBXFileReference; fileEncoding = 4; lastKnownFileType = sourcecode.c.h; path = SCSClue.h; sourceTree = "<group>"; };
		9520458C1CD2F456007C1431 /* SCSClue.m */ = {isa = PBXFileReference; fileEncoding = 4; lastKnownFileType = sourcecode.c.objc; path = SCSClue.m; sourceTree = "<group>"; };
		9520458D1CD2F456007C1431 /* SCSEntity.h */ = {isa = PBXFileReference; fileEncoding = 4; lastKnownFileType = sourcecode.c.h; path = SCSEntity.h; sourceTree = "<group>"; };
		9520458E1CD2F456007C1431 /* SCSEntity.m */ = {isa = PBXFileReference; fileEncoding = 4; lastKnownFileType = sourcecode.c.objc; path = SCSEntity.m; sourceTree = "<group>"; };
		9520458F1CD2F456007C1431 /* SCSGame.h */ = {isa = PBXFileReference; fileEncoding = 4; lastKnownFileType = sourcecode.c.h; path = SCSGame.h; sourceTree = "<group>"; };
		952045901CD2F456007C1431 /* SCSGame.m */ = {isa = PBXFileReference; fileEncoding = 4; lastKnownFileType = sourcecode.c.objc; path = SCSGame.m; sourceTree = "<group>"; };
		952045911CD2F456007C1431 /* SCSPlayer.h */ = {isa = PBXFileReference; fileEncoding = 4; lastKnownFileType = sourcecode.c.h; path = SCSPlayer.h; sourceTree = "<group>"; };
		952045921CD2F456007C1431 /* SCSPlayer.m */ = {isa = PBXFileReference; fileEncoding = 4; lastKnownFileType = sourcecode.c.objc; path = SCSPlayer.m; sourceTree = "<group>"; };
		952045931CD2F456007C1431 /* SCSTeam.h */ = {isa = PBXFileReference; fileEncoding = 4; lastKnownFileType = sourcecode.c.h; path = SCSTeam.h; sourceTree = "<group>"; };
		952045941CD2F456007C1431 /* SCSTeam.m */ = {isa = PBXFileReference; fileEncoding = 4; lastKnownFileType = sourcecode.c.objc; path = SCSTeam.m; sourceTree = "<group>"; };
		952045B91CD2F488007C1431 /* AppDelegate.m */ = {isa = PBXFileReference; fileEncoding = 4; lastKnownFileType = sourcecode.c.objc; name = AppDelegate.m; path = Classes/AppDelegate.m; sourceTree = "<group>"; };
		952045BA1CD2F488007C1431 /* AppDelegate.h */ = {isa = PBXFileReference; fileEncoding = 4; lastKnownFileType = sourcecode.c.h; name = AppDelegate.h; path = Classes/AppDelegate.h; sourceTree = "<group>"; };
		952045BC1CD2F526007C1431 /* Huntr.pch */ = {isa = PBXFileReference; fileEncoding = 4; lastKnownFileType = sourcecode.c.h; path = Huntr.pch; sourceTree = "<group>"; };
		954247F01D01274A00E3CE07 /* pending@2x.png */ = {isa = PBXFileReference; lastKnownFileType = image.png; path = "pending@2x.png"; sourceTree = "<group>"; };
		954247F11D01274A00E3CE07 /* reject@2x.png */ = {isa = PBXFileReference; lastKnownFileType = image.png; path = "reject@2x.png"; sourceTree = "<group>"; };
		954247F21D01274A00E3CE07 /* approved@2x.png */ = {isa = PBXFileReference; lastKnownFileType = image.png; path = "approved@2x.png"; sourceTree = "<group>"; };
		954247F61D0128EA00E3CE07 /* approval@2x.png */ = {isa = PBXFileReference; lastKnownFileType = image.png; path = "approval@2x.png"; sourceTree = "<group>"; };
		95E4AD2D1CE6C0C500F9F04B /* UIAlertController+Blocks.h */ = {isa = PBXFileReference; fileEncoding = 4; lastKnownFileType = sourcecode.c.h; path = "UIAlertController+Blocks.h"; sourceTree = "<group>"; };
		95E4AD2E1CE6C0C500F9F04B /* UIAlertController+Blocks.m */ = {isa = PBXFileReference; fileEncoding = 4; lastKnownFileType = sourcecode.c.objc; path = "UIAlertController+Blocks.m"; sourceTree = "<group>"; };
		95E9F2271CD41B5100B0B909 /* Camera@2x.png */ = {isa = PBXFileReference; lastKnownFileType = image.png; path = "Camera@2x.png"; sourceTree = "<group>"; };
		95E9F2281CD41B5100B0B909 /* Checkmark@2x.png */ = {isa = PBXFileReference; lastKnownFileType = image.png; path = "Checkmark@2x.png"; sourceTree = "<group>"; };
		95E9F2291CD41B5100B0B909 /* clue@2x.png */ = {isa = PBXFileReference; lastKnownFileType = image.png; path = "clue@2x.png"; sourceTree = "<group>"; };
		95E9F22A1CD41B5100B0B909 /* find-discover-2x.png */ = {isa = PBXFileReference; lastKnownFileType = image.png; path = "find-discover-2x.png"; sourceTree = "<group>"; };
		95E9F22B1CD41B5100B0B909 /* find-discover.png */ = {isa = PBXFileReference; lastKnownFileType = image.png; path = "find-discover.png"; sourceTree = "<group>"; };
		95E9F22C1CD41B5100B0B909 /* hunt-green-white-2x.png */ = {isa = PBXFileReference; lastKnownFileType = image.png; path = "hunt-green-white-2x.png"; sourceTree = "<group>"; };
		95E9F22D1CD41B5100B0B909 /* hunt-green-white.png */ = {isa = PBXFileReference; lastKnownFileType = image.png; path = "hunt-green-white.png"; sourceTree = "<group>"; };
		95E9F22E1CD41B5100B0B909 /* Leaderboard@2x.png */ = {isa = PBXFileReference; lastKnownFileType = image.png; path = "Leaderboard@2x.png"; sourceTree = "<group>"; };
		95E9F22F1CD41B5100B0B909 /* limo-icon.png */ = {isa = PBXFileReference; lastKnownFileType = image.png; path = "limo-icon.png"; sourceTree = "<group>"; };
		95E9F2301CD41B5100B0B909 /* limo-icon2x.png */ = {isa = PBXFileReference; lastKnownFileType = image.png; path = "limo-icon2x.png"; sourceTree = "<group>"; };
		95E9F2311CD41B5100B0B909 /* location@2x.png */ = {isa = PBXFileReference; lastKnownFileType = image.png; path = "location@2x.png"; sourceTree = "<group>"; };
		95E9F2321CD41B5100B0B909 /* start-button-2x.png */ = {isa = PBXFileReference; lastKnownFileType = image.png; path = "start-button-2x.png"; sourceTree = "<group>"; };
		95E9F2331CD41B5100B0B909 /* start-button.png */ = {isa = PBXFileReference; lastKnownFileType = image.png; path = "start-button.png"; sourceTree = "<group>"; };
		EB51DD860D8FAA6B2B780137 /* libPods-Huntr.a */ = {isa = PBXFileReference; explicitFileType = archive.ar; includeInIndex = 0; path = "libPods-Huntr.a"; sourceTree = BUILT_PRODUCTS_DIR; };
		EBF1EA6842C12797AD7F4F4A /* Pods-Huntr.production.xcconfig */ = {isa = PBXFileReference; includeInIndex = 1; lastKnownFileType = text.xcconfig; name = "Pods-Huntr.production.xcconfig"; path = "Pods/Target Support Files/Pods-Huntr/Pods-Huntr.production.xcconfig"; sourceTree = "<group>"; };
/* End PBXFileReference section */

/* Begin PBXFrameworksBuildPhase section */
		952045171CD2F0D0007C1431 /* Frameworks */ = {
			isa = PBXFrameworksBuildPhase;
			buildActionMask = 2147483647;
			files = (
				378FBC690502381C89AB2C9F /* libPods-Huntr.a in Frameworks */,
			);
			runOnlyForDeploymentPostprocessing = 0;
		};
/* End PBXFrameworksBuildPhase section */

/* Begin PBXGroup section */
		215B966EF8D55DCF032C7C87 /* Frameworks */ = {
			isa = PBXGroup;
			children = (
				EB51DD860D8FAA6B2B780137 /* libPods-Huntr.a */,
			);
			name = Frameworks;
			sourceTree = "<group>";
		};
		4FB96FCA27C71C8319F00031 /* Pods */ = {
			isa = PBXGroup;
			children = (
				6E425B6E42A4F5CF9F2403B3 /* Pods-Huntr.debug.xcconfig */,
				4FBEE39E3EDA44405C73E17D /* Pods-Huntr.stage.xcconfig */,
				EBF1EA6842C12797AD7F4F4A /* Pods-Huntr.production.xcconfig */,
				3A03F9579B6752E4CFFBDB39 /* Pods-Huntr.release.xcconfig */,
			);
			name = Pods;
			sourceTree = "<group>";
		};
		952045111CD2F0D0007C1431 = {
			isa = PBXGroup;
			children = (
				9520451C1CD2F0D0007C1431 /* Huntr */,
				9520451B1CD2F0D0007C1431 /* Products */,
				4FB96FCA27C71C8319F00031 /* Pods */,
				215B966EF8D55DCF032C7C87 /* Frameworks */,
			);
			sourceTree = "<group>";
		};
		9520451B1CD2F0D0007C1431 /* Products */ = {
			isa = PBXGroup;
			children = (
				9520451A1CD2F0D0007C1431 /* Huntr.app */,
			);
			name = Products;
			sourceTree = "<group>";
		};
		9520451C1CD2F0D0007C1431 /* Huntr */ = {
			isa = PBXGroup;
			children = (
				95E9F2261CD41B5100B0B909 /* Assests */,
				952045BC1CD2F526007C1431 /* Huntr.pch */,
				952045BA1CD2F488007C1431 /* AppDelegate.h */,
				952045B91CD2F488007C1431 /* AppDelegate.m */,
				952045881CD2F456007C1431 /* Models */,
				952045951CD2F456007C1431 /* ThirdParty */,
				952045861CD2F43D007C1431 /* Constants */,
				952045371CD2F40E007C1431 /* Classes */,
				952045291CD2F0D0007C1431 /* Assets.xcassets */,
				952045341CD2F3D6007C1431 /* Huntrv2.storyboard */,
				9520452B1CD2F0D0007C1431 /* LaunchScreen.storyboard */,
				9520452E1CD2F0D0007C1431 /* Info.plist */,
				9520451D1CD2F0D0007C1431 /* Supporting Files */,
			);
			path = Huntr;
			sourceTree = "<group>";
		};
		9520451D1CD2F0D0007C1431 /* Supporting Files */ = {
			isa = PBXGroup;
			children = (
				9520451E1CD2F0D0007C1431 /* main.m */,
			);
			name = "Supporting Files";
			sourceTree = "<group>";
		};
		952045371CD2F40E007C1431 /* Classes */ = {
			isa = PBXGroup;
			children = (
				952045381CD2F40E007C1431 /* Categories */,
				952045451CD2F40E007C1431 /* Cells */,
				9520454E1CD2F40E007C1431 /* Commons */,
				952045511CD2F40E007C1431 /* Controllers */,
				952045641CD2F40E007C1431 /* Helpers */,
				9520456B1CD2F40E007C1431 /* Views */,
			);
			path = Classes;
			sourceTree = "<group>";
		};
		952045381CD2F40E007C1431 /* Categories */ = {
			isa = PBXGroup;
			children = (
				952045391CD2F40E007C1431 /* NSString+EnumParser.h */,
				9520453A1CD2F40E007C1431 /* NSString+EnumParser.m */,
				9520453B1CD2F40E007C1431 /* UIAlertView+error.h */,
				9520453C1CD2F40E007C1431 /* UIAlertView+error.m */,
				9520453D1CD2F40E007C1431 /* UIButton+Style.h */,
				9520453E1CD2F40E007C1431 /* UIButton+Style.m */,
				9520453F1CD2F40E007C1431 /* UIImage+Alpha.h */,
				952045401CD2F40E007C1431 /* UIImage+Alpha.m */,
				952045411CD2F40E007C1431 /* UIImage+Resize.h */,
				952045421CD2F40E007C1431 /* UIImage+Resize.m */,
				952045431CD2F40E007C1431 /* UIImage+RoundedCorner.h */,
				952045441CD2F40E007C1431 /* UIImage+RoundedCorner.m */,
				95E4AD2D1CE6C0C500F9F04B /* UIAlertController+Blocks.h */,
				95E4AD2E1CE6C0C500F9F04B /* UIAlertController+Blocks.m */,
				1342A01D1D0B62EE00168C59 /* NSString+UUID.h */,
				1342A01E1D0B62EE00168C59 /* NSString+UUID.m */,
			);
			path = Categories;
			sourceTree = "<group>";
		};
		952045451CD2F40E007C1431 /* Cells */ = {
			isa = PBXGroup;
			children = (
				952045461CD2F40E007C1431 /* GameCell.h */,
				952045471CD2F40E007C1431 /* GameCell.m */,
				952045481CD2F40E007C1431 /* GameClueCell.h */,
				952045491CD2F40E007C1431 /* GameClueCell.m */,
				9520454A1CD2F40E007C1431 /* LeaderboardCell.h */,
				9520454B1CD2F40E007C1431 /* LeaderboardCell.m */,
				9520454C1CD2F40E007C1431 /* TeamCell.h */,
				9520454D1CD2F40E007C1431 /* TeamCell.m */,
			);
			path = Cells;
			sourceTree = "<group>";
		};
		9520454E1CD2F40E007C1431 /* Commons */ = {
			isa = PBXGroup;
			children = (
				9520454F1CD2F40E007C1431 /* SCSEnvironment.h */,
				952045501CD2F40E007C1431 /* SCSEnvironment.m */,
			);
			path = Commons;
			sourceTree = "<group>";
		};
		952045511CD2F40E007C1431 /* Controllers */ = {
			isa = PBXGroup;
			children = (
				952045541CD2F40E007C1431 /* CluesListViewController.h */,
				952045551CD2F40E007C1431 /* CluesListViewController.m */,
				952045561CD2F40E007C1431 /* GamesListViewController.h */,
				952045571CD2F40E007C1431 /* GamesListViewController.m */,
				952045581CD2F40E007C1431 /* GameViewController.h */,
				952045591CD2F40E007C1431 /* GameViewController.m */,
				9520455A1CD2F40E007C1431 /* LeaderboardViewController.h */,
				9520455B1CD2F40E007C1431 /* LeaderboardViewController.m */,
				9520455C1CD2F40E007C1431 /* LocationAnswerViewController.h */,
				9520455D1CD2F40E007C1431 /* LocationAnswerViewController.m */,
				9520455E1CD2F40E007C1431 /* NewEntityViewController.h */,
				9520455F1CD2F40E007C1431 /* NewEntityViewController.m */,
				952045601CD2F40E007C1431 /* PhotoAnswerViewController.h */,
				952045611CD2F40E007C1431 /* PhotoAnswerViewController.m */,
				952045621CD2F40E007C1431 /* TeamsListViewController.h */,
				952045631CD2F40E007C1431 /* TeamsListViewController.m */,
			);
			path = Controllers;
			sourceTree = "<group>";
		};
		952045641CD2F40E007C1431 /* Helpers */ = {
			isa = PBXGroup;
			children = (
				952045651CD2F40E007C1431 /* DismissSegue.h */,
				952045661CD2F40E007C1431 /* DismissSegue.m */,
				952045671CD2F40E007C1431 /* EnvironmentManger.h */,
				952045681CD2F40E007C1431 /* EnvironmentManger.m */,
				130D9B741D12716900F7C9B8 /* SCSPushNotificationManager.h */,
				130D9B751D12716900F7C9B8 /* SCSPushNotificationManager.m */,
				952045691CD2F40E007C1431 /* SCSHuntrClient.h */,
				9520456A1CD2F40E007C1431 /* SCSHuntrClient.m */,
			);
			path = Helpers;
			sourceTree = "<group>";
		};
		9520456B1CD2F40E007C1431 /* Views */ = {
			isa = PBXGroup;
			children = (
				9520456C1CD2F40E007C1431 /* TeamAccessoryButton.h */,
				9520456D1CD2F40E007C1431 /* TeamAccessoryButton.m */,
			);
			path = Views;
			sourceTree = "<group>";
		};
		952045861CD2F43D007C1431 /* Constants */ = {
			isa = PBXGroup;
			children = (
				952045871CD2F43D007C1431 /* EnvironmentConstants.h */,
			);
			path = Constants;
			sourceTree = "<group>";
		};
		952045881CD2F456007C1431 /* Models */ = {
			isa = PBXGroup;
			children = (
				952045891CD2F456007C1431 /* SCSAnswer.h */,
				9520458A1CD2F456007C1431 /* SCSAnswer.m */,
				9520458B1CD2F456007C1431 /* SCSClue.h */,
				9520458C1CD2F456007C1431 /* SCSClue.m */,
				9520458D1CD2F456007C1431 /* SCSEntity.h */,
				9520458E1CD2F456007C1431 /* SCSEntity.m */,
				9520458F1CD2F456007C1431 /* SCSGame.h */,
				952045901CD2F456007C1431 /* SCSGame.m */,
				952045911CD2F456007C1431 /* SCSPlayer.h */,
				952045921CD2F456007C1431 /* SCSPlayer.m */,
				952045931CD2F456007C1431 /* SCSTeam.h */,
				952045941CD2F456007C1431 /* SCSTeam.m */,
				134A340A1D111F4800F0F96D /* SCSPushNotification.h */,
				134A340B1D111F4800F0F96D /* SCSPushNotification.m */,
			);
			path = Models;
			sourceTree = "<group>";
		};
		952045951CD2F456007C1431 /* ThirdParty */ = {
			isa = PBXGroup;
			children = (
			);
			path = ThirdParty;
			sourceTree = "<group>";
		};
		95E9F2261CD41B5100B0B909 /* Assests */ = {
			isa = PBXGroup;
			children = (
				954247F61D0128EA00E3CE07 /* approval@2x.png */,
				954247F01D01274A00E3CE07 /* pending@2x.png */,
				954247F11D01274A00E3CE07 /* reject@2x.png */,
				954247F21D01274A00E3CE07 /* approved@2x.png */,
				95E9F2271CD41B5100B0B909 /* Camera@2x.png */,
				95E9F2281CD41B5100B0B909 /* Checkmark@2x.png */,
				95E9F2291CD41B5100B0B909 /* clue@2x.png */,
				95E9F22A1CD41B5100B0B909 /* find-discover-2x.png */,
				95E9F22B1CD41B5100B0B909 /* find-discover.png */,
				95E9F22C1CD41B5100B0B909 /* hunt-green-white-2x.png */,
				95E9F22D1CD41B5100B0B909 /* hunt-green-white.png */,
				95E9F22E1CD41B5100B0B909 /* Leaderboard@2x.png */,
				95E9F22F1CD41B5100B0B909 /* limo-icon.png */,
				95E9F2301CD41B5100B0B909 /* limo-icon2x.png */,
				95E9F2311CD41B5100B0B909 /* location@2x.png */,
				95E9F2321CD41B5100B0B909 /* start-button-2x.png */,
				95E9F2331CD41B5100B0B909 /* start-button.png */,
			);
			path = Assests;
			sourceTree = "<group>";
		};
/* End PBXGroup section */

/* Begin PBXNativeTarget section */
		952045191CD2F0D0007C1431 /* Huntr */ = {
			isa = PBXNativeTarget;
			buildConfigurationList = 952045311CD2F0D0007C1431 /* Build configuration list for PBXNativeTarget "Huntr" */;
			buildPhases = (
				23BE3025C98D9314966B0B13 /* [CP] Check Pods Manifest.lock */,
				952045161CD2F0D0007C1431 /* Sources */,
				952045171CD2F0D0007C1431 /* Frameworks */,
				952045181CD2F0D0007C1431 /* Resources */,
				BF69B8E023DF37DF8A64E7A0 /* [CP] Embed Pods Frameworks */,
				B943332F3977B2ADFF8464BD /* [CP] Copy Pods Resources */,
			);
			buildRules = (
			);
			dependencies = (
			);
			name = Huntr;
			productName = Huntr;
			productReference = 9520451A1CD2F0D0007C1431 /* Huntr.app */;
			productType = "com.apple.product-type.application";
		};
/* End PBXNativeTarget section */

/* Begin PBXProject section */
		952045121CD2F0D0007C1431 /* Project object */ = {
			isa = PBXProject;
			attributes = {
				LastUpgradeCheck = 0720;
				ORGANIZATIONNAME = SCS;
				TargetAttributes = {
					952045191CD2F0D0007C1431 = {
						CreatedOnToolsVersion = 7.2;
						DevelopmentTeam = 72SF9FJJEW;
						SystemCapabilities = {
							com.apple.BackgroundModes = {
								enabled = 1;
							};
							com.apple.Push = {
								enabled = 1;
							};
						};
					};
				};
			};
			buildConfigurationList = 952045151CD2F0D0007C1431 /* Build configuration list for PBXProject "Huntr" */;
			compatibilityVersion = "Xcode 3.2";
			developmentRegion = English;
			hasScannedForEncodings = 0;
			knownRegions = (
				en,
				Base,
			);
			mainGroup = 952045111CD2F0D0007C1431;
			productRefGroup = 9520451B1CD2F0D0007C1431 /* Products */;
			projectDirPath = "";
			projectRoot = "";
			targets = (
				952045191CD2F0D0007C1431 /* Huntr */,
			);
		};
/* End PBXProject section */

/* Begin PBXResourcesBuildPhase section */
		952045181CD2F0D0007C1431 /* Resources */ = {
			isa = PBXResourcesBuildPhase;
			buildActionMask = 2147483647;
			files = (
				9520452D1CD2F0D0007C1431 /* LaunchScreen.storyboard in Resources */,
				95E9F2381CD41B5100B0B909 /* find-discover.png in Resources */,
				95E9F2371CD41B5100B0B909 /* find-discover-2x.png in Resources */,
				95E9F23C1CD41B5100B0B909 /* limo-icon.png in Resources */,
				95E9F23D1CD41B5100B0B909 /* limo-icon2x.png in Resources */,
				954247F41D01274A00E3CE07 /* reject@2x.png in Resources */,
				95E9F2361CD41B5100B0B909 /* clue@2x.png in Resources */,
				9520452A1CD2F0D0007C1431 /* Assets.xcassets in Resources */,
				95E9F23B1CD41B5100B0B909 /* Leaderboard@2x.png in Resources */,
				952045361CD2F3D6007C1431 /* Huntrv2.storyboard in Resources */,
				95E9F23E1CD41B5100B0B909 /* location@2x.png in Resources */,
				954247F71D0128EA00E3CE07 /* approval@2x.png in Resources */,
				954247F31D01274A00E3CE07 /* pending@2x.png in Resources */,
				95E9F2401CD41B5100B0B909 /* start-button.png in Resources */,
				95E9F23A1CD41B5100B0B909 /* hunt-green-white.png in Resources */,
				95E9F2391CD41B5100B0B909 /* hunt-green-white-2x.png in Resources */,
				95E9F2341CD41B5100B0B909 /* Camera@2x.png in Resources */,
				95E9F2351CD41B5100B0B909 /* Checkmark@2x.png in Resources */,
				954247F51D01274A00E3CE07 /* approved@2x.png in Resources */,
				95E9F23F1CD41B5100B0B909 /* start-button-2x.png in Resources */,
			);
			runOnlyForDeploymentPostprocessing = 0;
		};
/* End PBXResourcesBuildPhase section */

/* Begin PBXShellScriptBuildPhase section */
		23BE3025C98D9314966B0B13 /* [CP] Check Pods Manifest.lock */ = {
			isa = PBXShellScriptBuildPhase;
			buildActionMask = 2147483647;
			files = (
			);
			inputPaths = (
			);
			name = "[CP] Check Pods Manifest.lock";
			outputPaths = (
			);
			runOnlyForDeploymentPostprocessing = 0;
			shellPath = /bin/sh;
			shellScript = "diff \"${PODS_ROOT}/../Podfile.lock\" \"${PODS_ROOT}/Manifest.lock\" > /dev/null\nif [[ $? != 0 ]] ; then\n    cat << EOM\nerror: The sandbox is not in sync with the Podfile.lock. Run 'pod install' or update your CocoaPods installation.\nEOM\n    exit 1\nfi\n";
			showEnvVarsInLog = 0;
		};
		B943332F3977B2ADFF8464BD /* [CP] Copy Pods Resources */ = {
			isa = PBXShellScriptBuildPhase;
			buildActionMask = 2147483647;
			files = (
			);
			inputPaths = (
			);
			name = "[CP] Copy Pods Resources";
			outputPaths = (
			);
			runOnlyForDeploymentPostprocessing = 0;
			shellPath = /bin/sh;
			shellScript = "\"${SRCROOT}/Pods/Target Support Files/Pods-Huntr/Pods-Huntr-resources.sh\"\n";
			showEnvVarsInLog = 0;
		};
		BF69B8E023DF37DF8A64E7A0 /* [CP] Embed Pods Frameworks */ = {
			isa = PBXShellScriptBuildPhase;
			buildActionMask = 2147483647;
			files = (
			);
			inputPaths = (
			);
			name = "[CP] Embed Pods Frameworks";
			outputPaths = (
			);
			runOnlyForDeploymentPostprocessing = 0;
			shellPath = /bin/sh;
			shellScript = "\"${SRCROOT}/Pods/Target Support Files/Pods-Huntr/Pods-Huntr-frameworks.sh\"\n";
			showEnvVarsInLog = 0;
		};
/* End PBXShellScriptBuildPhase section */

/* Begin PBXSourcesBuildPhase section */
		952045161CD2F0D0007C1431 /* Sources */ = {
			isa = PBXSourcesBuildPhase;
			buildActionMask = 2147483647;
			files = (
				952045811CD2F40E007C1431 /* TeamsListViewController.m in Sources */,
				9520457F1CD2F40E007C1431 /* NewEntityViewController.m in Sources */,
				9520451F1CD2F0D0007C1431 /* main.m in Sources */,
				952045701CD2F40E007C1431 /* UIButton+Style.m in Sources */,
				952045AB1CD2F456007C1431 /* SCSClue.m in Sources */,
				95E4AD2F1CE6C0C500F9F04B /* UIAlertController+Blocks.m in Sources */,
				952045731CD2F40E007C1431 /* UIImage+RoundedCorner.m in Sources */,
				9520456F1CD2F40E007C1431 /* UIAlertView+error.m in Sources */,
				134A340C1D111F4800F0F96D /* SCSPushNotification.m in Sources */,
				9520457D1CD2F40E007C1431 /* LeaderboardViewController.m in Sources */,
				952045711CD2F40E007C1431 /* UIImage+Alpha.m in Sources */,
				130D9B761D12716900F7C9B8 /* SCSPushNotificationManager.m in Sources */,
				952045AF1CD2F456007C1431 /* SCSTeam.m in Sources */,
				9520457B1CD2F40E007C1431 /* GamesListViewController.m in Sources */,
				952045781CD2F40E007C1431 /* SCSEnvironment.m in Sources */,
				9520456E1CD2F40E007C1431 /* NSString+EnumParser.m in Sources */,
				9520457C1CD2F40E007C1431 /* GameViewController.m in Sources */,
				952045841CD2F40E007C1431 /* SCSHuntrClient.m in Sources */,
				952045821CD2F40E007C1431 /* DismissSegue.m in Sources */,
				952045851CD2F40E007C1431 /* TeamAccessoryButton.m in Sources */,
				1342A01F1D0B62EE00168C59 /* NSString+UUID.m in Sources */,
				952045831CD2F40E007C1431 /* EnvironmentManger.m in Sources */,
				952045AD1CD2F456007C1431 /* SCSGame.m in Sources */,
				952045AA1CD2F456007C1431 /* SCSAnswer.m in Sources */,
				952045751CD2F40E007C1431 /* GameClueCell.m in Sources */,
				952045AC1CD2F456007C1431 /* SCSEntity.m in Sources */,
				952045771CD2F40E007C1431 /* TeamCell.m in Sources */,
				9520457E1CD2F40E007C1431 /* LocationAnswerViewController.m in Sources */,
				952045801CD2F40E007C1431 /* PhotoAnswerViewController.m in Sources */,
				952045761CD2F40E007C1431 /* LeaderboardCell.m in Sources */,
				952045AE1CD2F456007C1431 /* SCSPlayer.m in Sources */,
				9520457A1CD2F40E007C1431 /* CluesListViewController.m in Sources */,
				952045721CD2F40E007C1431 /* UIImage+Resize.m in Sources */,
				952045741CD2F40E007C1431 /* GameCell.m in Sources */,
				952045BB1CD2F488007C1431 /* AppDelegate.m in Sources */,
			);
			runOnlyForDeploymentPostprocessing = 0;
		};
/* End PBXSourcesBuildPhase section */

/* Begin PBXVariantGroup section */
		9520452B1CD2F0D0007C1431 /* LaunchScreen.storyboard */ = {
			isa = PBXVariantGroup;
			children = (
				9520452C1CD2F0D0007C1431 /* Base */,
			);
			name = LaunchScreen.storyboard;
			sourceTree = "<group>";
		};
		952045341CD2F3D6007C1431 /* Huntrv2.storyboard */ = {
			isa = PBXVariantGroup;
			children = (
				952045351CD2F3D6007C1431 /* Base */,
			);
			name = Huntrv2.storyboard;
			path = ..;
			sourceTree = "<group>";
		};
/* End PBXVariantGroup section */

/* Begin XCBuildConfiguration section */
		9520452F1CD2F0D0007C1431 /* Debug */ = {
			isa = XCBuildConfiguration;
			buildSettings = {
				ALWAYS_SEARCH_USER_PATHS = NO;
				CLANG_CXX_LANGUAGE_STANDARD = "gnu++0x";
				CLANG_CXX_LIBRARY = "libc++";
				CLANG_ENABLE_MODULES = YES;
				CLANG_ENABLE_OBJC_ARC = YES;
				CLANG_WARN_BOOL_CONVERSION = YES;
				CLANG_WARN_CONSTANT_CONVERSION = YES;
				CLANG_WARN_DIRECT_OBJC_ISA_USAGE = YES_ERROR;
				CLANG_WARN_EMPTY_BODY = YES;
				CLANG_WARN_ENUM_CONVERSION = YES;
				CLANG_WARN_INT_CONVERSION = YES;
				CLANG_WARN_OBJC_ROOT_CLASS = YES_ERROR;
				CLANG_WARN_UNREACHABLE_CODE = YES;
				CLANG_WARN__DUPLICATE_METHOD_MATCH = YES;
				CODE_SIGN_IDENTITY = "iPhone Developer";
				"CODE_SIGN_IDENTITY[sdk=iphoneos*]" = "iPhone Developer";
				COPY_PHASE_STRIP = NO;
				DEBUG_INFORMATION_FORMAT = dwarf;
				ENABLE_STRICT_OBJC_MSGSEND = YES;
				ENABLE_TESTABILITY = YES;
				GCC_C_LANGUAGE_STANDARD = gnu99;
				GCC_DYNAMIC_NO_PIC = NO;
				GCC_NO_COMMON_BLOCKS = YES;
				GCC_OPTIMIZATION_LEVEL = 0;
				GCC_PREFIX_HEADER = Huntr/Huntr.pch;
				GCC_PREPROCESSOR_DEFINITIONS = (
					"DEV=1",
					"$(inherited)",
					"DEBUG=1",
				);
				GCC_WARN_64_TO_32_BIT_CONVERSION = YES;
				GCC_WARN_ABOUT_RETURN_TYPE = YES_ERROR;
				GCC_WARN_UNDECLARED_SELECTOR = YES;
				GCC_WARN_UNINITIALIZED_AUTOS = YES_AGGRESSIVE;
				GCC_WARN_UNUSED_FUNCTION = YES;
				GCC_WARN_UNUSED_VARIABLE = YES;
				IPHONEOS_DEPLOYMENT_TARGET = 9.2;
				MTL_ENABLE_DEBUG_INFO = YES;
				ONLY_ACTIVE_ARCH = YES;
				PROVISIONING_PROFILE = "b2a9677c-f51f-4815-9125-5f13ddbd5815";
				SDKROOT = iphoneos;
			};
			name = Debug;
		};
		952045301CD2F0D0007C1431 /* Release */ = {
			isa = XCBuildConfiguration;
			buildSettings = {
				ALWAYS_SEARCH_USER_PATHS = NO;
				CLANG_CXX_LANGUAGE_STANDARD = "gnu++0x";
				CLANG_CXX_LIBRARY = "libc++";
				CLANG_ENABLE_MODULES = YES;
				CLANG_ENABLE_OBJC_ARC = YES;
				CLANG_WARN_BOOL_CONVERSION = YES;
				CLANG_WARN_CONSTANT_CONVERSION = YES;
				CLANG_WARN_DIRECT_OBJC_ISA_USAGE = YES_ERROR;
				CLANG_WARN_EMPTY_BODY = YES;
				CLANG_WARN_ENUM_CONVERSION = YES;
				CLANG_WARN_INT_CONVERSION = YES;
				CLANG_WARN_OBJC_ROOT_CLASS = YES_ERROR;
				CLANG_WARN_UNREACHABLE_CODE = YES;
				CLANG_WARN__DUPLICATE_METHOD_MATCH = YES;
				CODE_SIGN_IDENTITY = "iPhone Developer";
				"CODE_SIGN_IDENTITY[sdk=iphoneos*]" = "iPhone Developer";
				COPY_PHASE_STRIP = NO;
				DEBUG_INFORMATION_FORMAT = "dwarf-with-dsym";
				ENABLE_NS_ASSERTIONS = NO;
				ENABLE_STRICT_OBJC_MSGSEND = YES;
				GCC_C_LANGUAGE_STANDARD = gnu99;
				GCC_NO_COMMON_BLOCKS = YES;
				GCC_PREFIX_HEADER = Huntr/Huntr.pch;
				GCC_PREPROCESSOR_DEFINITIONS = "PROD=1";
				GCC_WARN_64_TO_32_BIT_CONVERSION = YES;
				GCC_WARN_ABOUT_RETURN_TYPE = YES_ERROR;
				GCC_WARN_UNDECLARED_SELECTOR = YES;
				GCC_WARN_UNINITIALIZED_AUTOS = YES_AGGRESSIVE;
				GCC_WARN_UNUSED_FUNCTION = YES;
				GCC_WARN_UNUSED_VARIABLE = YES;
				IPHONEOS_DEPLOYMENT_TARGET = 9.2;
				MTL_ENABLE_DEBUG_INFO = NO;
				PROVISIONING_PROFILE = "b2a9677c-f51f-4815-9125-5f13ddbd5815";
				SDKROOT = iphoneos;
				VALIDATE_PRODUCT = YES;
			};
			name = Release;
		};
		952045321CD2F0D0007C1431 /* Debug */ = {
			isa = XCBuildConfiguration;
			baseConfigurationReference = 6E425B6E42A4F5CF9F2403B3 /* Pods-Huntr.debug.xcconfig */;
			buildSettings = {
				ASSETCATALOG_COMPILER_APPICON_NAME = AppIcon;
				CODE_SIGN_IDENTITY = "iPhone Developer";
				"CODE_SIGN_IDENTITY[sdk=iphoneos*]" = "iPhone Developer";
				GCC_PREPROCESSOR_DEFINITIONS = "$(inherited)";
				INFOPLIST_FILE = Huntr/Info.plist;
				LD_RUNPATH_SEARCH_PATHS = "$(inherited) @executable_path/Frameworks";
				PRODUCT_BUNDLE_IDENTIFIER = com.scs.Huntr;
				PRODUCT_NAME = "$(TARGET_NAME)";
				PROVISIONING_PROFILE = "b2a9677c-f51f-4815-9125-5f13ddbd5815";
			};
			name = Debug;
		};
		952045331CD2F0D0007C1431 /* Release */ = {
			isa = XCBuildConfiguration;
			baseConfigurationReference = 3A03F9579B6752E4CFFBDB39 /* Pods-Huntr.release.xcconfig */;
			buildSettings = {
				ASSETCATALOG_COMPILER_APPICON_NAME = AppIcon;
				CODE_SIGN_IDENTITY = "iPhone Developer";
				"CODE_SIGN_IDENTITY[sdk=iphoneos*]" = "iPhone Developer";
				GCC_PREPROCESSOR_DEFINITIONS = "$(inherited)";
				INFOPLIST_FILE = Huntr/Info.plist;
				LD_RUNPATH_SEARCH_PATHS = "$(inherited) @executable_path/Frameworks";
				PRODUCT_BUNDLE_IDENTIFIER = com.scs.Huntr;
				PRODUCT_NAME = "$(TARGET_NAME)";
				PROVISIONING_PROFILE = "b2a9677c-f51f-4815-9125-5f13ddbd5815";
			};
			name = Release;
		};
		952045BD1CD2F69A007C1431 /* Stage */ = {
			isa = XCBuildConfiguration;
			buildSettings = {
				ALWAYS_SEARCH_USER_PATHS = NO;
				CLANG_CXX_LANGUAGE_STANDARD = "gnu++0x";
				CLANG_CXX_LIBRARY = "libc++";
				CLANG_ENABLE_MODULES = YES;
				CLANG_ENABLE_OBJC_ARC = YES;
				CLANG_WARN_BOOL_CONVERSION = YES;
				CLANG_WARN_CONSTANT_CONVERSION = YES;
				CLANG_WARN_DIRECT_OBJC_ISA_USAGE = YES_ERROR;
				CLANG_WARN_EMPTY_BODY = YES;
				CLANG_WARN_ENUM_CONVERSION = YES;
				CLANG_WARN_INT_CONVERSION = YES;
				CLANG_WARN_OBJC_ROOT_CLASS = YES_ERROR;
				CLANG_WARN_UNREACHABLE_CODE = YES;
				CLANG_WARN__DUPLICATE_METHOD_MATCH = YES;
				CODE_SIGN_IDENTITY = "iPhone Developer";
				"CODE_SIGN_IDENTITY[sdk=iphoneos*]" = "iPhone Developer";
				COPY_PHASE_STRIP = NO;
				DEBUG_INFORMATION_FORMAT = dwarf;
				ENABLE_STRICT_OBJC_MSGSEND = YES;
				ENABLE_TESTABILITY = YES;
				GCC_C_LANGUAGE_STANDARD = gnu99;
				GCC_DYNAMIC_NO_PIC = NO;
				GCC_NO_COMMON_BLOCKS = YES;
				GCC_OPTIMIZATION_LEVEL = 0;
				GCC_PREFIX_HEADER = Huntr/Huntr.pch;
				GCC_PREPROCESSOR_DEFINITIONS = (
					"STAGE=1",
					"$(inherited)",
					"DEBUG=1",
				);
				GCC_WARN_64_TO_32_BIT_CONVERSION = YES;
				GCC_WARN_ABOUT_RETURN_TYPE = YES_ERROR;
				GCC_WARN_UNDECLARED_SELECTOR = YES;
				GCC_WARN_UNINITIALIZED_AUTOS = YES_AGGRESSIVE;
				GCC_WARN_UNUSED_FUNCTION = YES;
				GCC_WARN_UNUSED_VARIABLE = YES;
				IPHONEOS_DEPLOYMENT_TARGET = 9.2;
				MTL_ENABLE_DEBUG_INFO = YES;
				ONLY_ACTIVE_ARCH = YES;
				PROVISIONING_PROFILE = "b2a9677c-f51f-4815-9125-5f13ddbd5815";
				SDKROOT = iphoneos;
			};
			name = Stage;
		};
		952045BE1CD2F69A007C1431 /* Stage */ = {
			isa = XCBuildConfiguration;
			baseConfigurationReference = 4FBEE39E3EDA44405C73E17D /* Pods-Huntr.stage.xcconfig */;
			buildSettings = {
				ASSETCATALOG_COMPILER_APPICON_NAME = AppIcon;
				CODE_SIGN_IDENTITY = "iPhone Developer";
				"CODE_SIGN_IDENTITY[sdk=iphoneos*]" = "iPhone Developer";
				GCC_PREPROCESSOR_DEFINITIONS = "$(inherited)";
				INFOPLIST_FILE = Huntr/Info.plist;
				LD_RUNPATH_SEARCH_PATHS = "$(inherited) @executable_path/Frameworks";
				PRODUCT_BUNDLE_IDENTIFIER = com.scs.Huntr;
				PRODUCT_NAME = "$(TARGET_NAME)";
				PROVISIONING_PROFILE = "b2a9677c-f51f-4815-9125-5f13ddbd5815";
			};
			name = Stage;
		};
		952045BF1CD302B4007C1431 /* Production */ = {
			isa = XCBuildConfiguration;
			buildSettings = {
				ALWAYS_SEARCH_USER_PATHS = NO;
				CLANG_CXX_LANGUAGE_STANDARD = "gnu++0x";
				CLANG_CXX_LIBRARY = "libc++";
				CLANG_ENABLE_MODULES = YES;
				CLANG_ENABLE_OBJC_ARC = YES;
				CLANG_WARN_BOOL_CONVERSION = YES;
				CLANG_WARN_CONSTANT_CONVERSION = YES;
				CLANG_WARN_DIRECT_OBJC_ISA_USAGE = YES_ERROR;
				CLANG_WARN_EMPTY_BODY = YES;
				CLANG_WARN_ENUM_CONVERSION = YES;
				CLANG_WARN_INT_CONVERSION = YES;
				CLANG_WARN_OBJC_ROOT_CLASS = YES_ERROR;
				CLANG_WARN_UNREACHABLE_CODE = YES;
				CLANG_WARN__DUPLICATE_METHOD_MATCH = YES;
				CODE_SIGN_IDENTITY = "iPhone Developer";
				"CODE_SIGN_IDENTITY[sdk=iphoneos*]" = "iPhone Developer";
				COPY_PHASE_STRIP = NO;
				DEBUG_INFORMATION_FORMAT = dwarf;
				ENABLE_STRICT_OBJC_MSGSEND = YES;
				ENABLE_TESTABILITY = YES;
				GCC_C_LANGUAGE_STANDARD = gnu99;
				GCC_DYNAMIC_NO_PIC = NO;
				GCC_NO_COMMON_BLOCKS = YES;
				GCC_OPTIMIZATION_LEVEL = 0;
				GCC_PREFIX_HEADER = Huntr/Huntr.pch;
				GCC_PREPROCESSOR_DEFINITIONS = (
					"PROD=1",
					"$(inherited)",
					"DEBUG=1",
				);
				GCC_WARN_64_TO_32_BIT_CONVERSION = YES;
				GCC_WARN_ABOUT_RETURN_TYPE = YES_ERROR;
				GCC_WARN_UNDECLARED_SELECTOR = YES;
				GCC_WARN_UNINITIALIZED_AUTOS = YES_AGGRESSIVE;
				GCC_WARN_UNUSED_FUNCTION = YES;
				GCC_WARN_UNUSED_VARIABLE = YES;
				IPHONEOS_DEPLOYMENT_TARGET = 9.2;
				MTL_ENABLE_DEBUG_INFO = YES;
				ONLY_ACTIVE_ARCH = YES;
				PROVISIONING_PROFILE = "b2a9677c-f51f-4815-9125-5f13ddbd5815";
				SDKROOT = iphoneos;
			};
			name = Production;
		};
		952045C01CD302B4007C1431 /* Production */ = {
			isa = XCBuildConfiguration;
			baseConfigurationReference = EBF1EA6842C12797AD7F4F4A /* Pods-Huntr.production.xcconfig */;
			buildSettings = {
				ASSETCATALOG_COMPILER_APPICON_NAME = AppIcon;
				CODE_SIGN_IDENTITY = "iPhone Developer";
				"CODE_SIGN_IDENTITY[sdk=iphoneos*]" = "iPhone Developer";
				GCC_PREPROCESSOR_DEFINITIONS = "$(inherited)";
				INFOPLIST_FILE = Huntr/Info.plist;
				LD_RUNPATH_SEARCH_PATHS = "$(inherited) @executable_path/Frameworks";
				PRODUCT_BUNDLE_IDENTIFIER = com.scs.Huntr;
				PRODUCT_NAME = "$(TARGET_NAME)";
				PROVISIONING_PROFILE = "b2a9677c-f51f-4815-9125-5f13ddbd5815";
			};
			name = Production;
		};
/* End XCBuildConfiguration section */

/* Begin XCConfigurationList section */
		952045151CD2F0D0007C1431 /* Build configuration list for PBXProject "Huntr" */ = {
			isa = XCConfigurationList;
			buildConfigurations = (
				9520452F1CD2F0D0007C1431 /* Debug */,
				952045BD1CD2F69A007C1431 /* Stage */,
				952045BF1CD302B4007C1431 /* Production */,
				952045301CD2F0D0007C1431 /* Release */,
			);
			defaultConfigurationIsVisible = 0;
			defaultConfigurationName = Debug;
		};
		952045311CD2F0D0007C1431 /* Build configuration list for PBXNativeTarget "Huntr" */ = {
			isa = XCConfigurationList;
			buildConfigurations = (
				952045321CD2F0D0007C1431 /* Debug */,
				952045BE1CD2F69A007C1431 /* Stage */,
				952045C01CD302B4007C1431 /* Production */,
				952045331CD2F0D0007C1431 /* Release */,
			);
			defaultConfigurationIsVisible = 0;
			defaultConfigurationName = Debug;
		};
/* End XCConfigurationList section */
	};
	rootObject = 952045121CD2F0D0007C1431 /* Project object */;
}
